
Microsoft Visual Studio Solution File, Format Version 12.00
# Visual Studio Version 16
VisualStudioVersion = 16.0.32228.343
MinimumVisualStudioVersion = 10.0.40219.1
Project("{FAE04EC0-301F-11D3-BF4B-00C04F79EFBC}") = "WindowsFormsApp1", "WindowsFormsApp1\WindowsFormsApp1.csproj", "{947B52A5-296E-4960-AECA-9246CDB2DD8D}"
EndProject
Global
	GlobalSection(SolutionConfigurationPlatforms) = preSolution
		Debug|Any CPU = Debug|Any CPU
		Release|Any CPU = Release|Any CPU
	EndGlobalSection
	GlobalSection(ProjectConfigurationPlatforms) = postSolution
		{947B52A5-296E-4960-AECA-9246CDB2DD8D}.Debug|Any CPU.ActiveCfg = Debug|Any CPU
		{947B52A5-296E-4960-AECA-9246CDB2DD8D}.Debug|Any CPU.Build.0 = Debug|Any CPU
		{947B52A5-296E-4960-AECA-9246CDB2DD8D}.Release|Any CPU.ActiveCfg = Release|Any CPU
		{947B52A5-296E-4960-AECA-9246CDB2DD8D}.Release|Any CPU.Build.0 = Release|Any CPU
	EndGlobalSection
	GlobalSection(SolutionProperties) = preSolution
		HideSolutionNode = FALSE
	EndGlobalSection
	GlobalSection(ExtensibilityGlobals) = postSolution
		SolutionGuid = {F7FDFBCE-D890-4704-9ABA-3D52A3D5C0CF}
	EndGlobalSection
EndGlobal
